
Microsoft Visual Studio Solution File, Format Version 12.00
# Visual Studio 14
VisualStudioVersion = 14.0.25420.1
MinimumVisualStudioVersion = 10.0.40219.1
Project("{FAE04EC0-301F-11D3-BF4B-00C04F79EFBC}") = "My.VideosProject", "My.VideosProject\My.VideosProject.csproj", "{3E0F433E-F03A-4C9D-9E8E-3C0DC1F167D1}"
EndProject
Project("{FAE04EC0-301F-11D3-BF4B-00C04F79EFBC}") = "My.VideosProject.Tests", "My.VideosProject.Tests\My.VideosProject.Tests.csproj", "{28E946A6-9369-48A1-AE7E-873DE64D958B}"
EndProject
Project("{2150E333-8FDC-42A3-9474-1A3956D46DE8}") = "Infrastructure", "Infrastructure", "{9BD082E4-6D8E-412B-81EF-7F74B89B0DDF}"
EndProject
Project("{FAE04EC0-301F-11D3-BF4B-00C04F79EFBC}") = "My.Videos.Common", "My.Videos.Common\My.Videos.Common.csproj", "{39B24B8C-04EF-4B0E-A14E-A74E5D226D5C}"
EndProject
Project("{FAE04EC0-301F-11D3-BF4B-00C04F79EFBC}") = "My.Videos.Ioc", "My.Videos.Ioc\My.Videos.Ioc.csproj", "{2159BBF6-B656-4047-938D-840344B22129}"
EndProject
Project("{FAE04EC0-301F-11D3-BF4B-00C04F79EFBC}") = "My.Videos.EntityFramework", "My.Videos.EntityFramework\My.Videos.EntityFramework.csproj", "{B1AAF7C0-0017-4041-BED0-926BCC3DB79E}"
EndProject
Project("{2150E333-8FDC-42A3-9474-1A3956D46DE8}") = "Repository", "Repository", "{481D3C94-B61C-4DF2-B5C5-A1F8FB7D42B9}"
EndProject
Project("{2150E333-8FDC-42A3-9474-1A3956D46DE8}") = "Service", "Service", "{375F8A04-06BC-4D1F-AED7-9CE2893CCB7E}"
EndProject
Project("{FAE04EC0-301F-11D3-BF4B-00C04F79EFBC}") = "My.Videos.DAL", "My.Videos.DAL\My.Videos.DAL.csproj", "{7CFB4935-1E00-4357-B877-96F91FABA120}"
EndProject
Project("{FAE04EC0-301F-11D3-BF4B-00C04F79EFBC}") = "My.Videos.BLL", "My.Videos.BLL\My.Videos.BLL.csproj", "{9DF0A02C-50E0-49BB-8D2F-81E1D95A8332}"
EndProject
Project("{FAE04EC0-301F-11D3-BF4B-00C04F79EFBC}") = "My.Videos.IBLL", "My.Videos.IBLL\My.Videos.IBLL.csproj", "{71C199D3-04E3-44D2-8494-47BCDFD57D3F}"
EndProject
Project("{FAE04EC0-301F-11D3-BF4B-00C04F79EFBC}") = "My.Videos.IDAL", "My.Videos.IDAL\My.Videos.IDAL.csproj", "{FC274D79-20E4-420A-9CD8-ACDF6960D081}"
EndProject
Project("{FAE04EC0-301F-11D3-BF4B-00C04F79EFBC}") = "My.Videos.Model", "My.Videos.Model\My.Videos.Model.csproj", "{5FD22844-111B-4B7D-A38B-A0EB80EB135F}"
EndProject
Project("{FAE04EC0-301F-11D3-BF4B-00C04F79EFBC}") = "My.Videos.DALSessionFactory", "My.Videos.DALSessionFactory\My.Videos.DALSessionFactory.csproj", "{B94599A7-9F81-4C9D-B67E-D3D24C77688C}"
EndProject
Global
	GlobalSection(SolutionConfigurationPlatforms) = preSolution
		Debug|Any CPU = Debug|Any CPU
		Release|Any CPU = Release|Any CPU
	EndGlobalSection
	GlobalSection(ProjectConfigurationPlatforms) = postSolution
		{3E0F433E-F03A-4C9D-9E8E-3C0DC1F167D1}.Debug|Any CPU.ActiveCfg = Debug|Any CPU
		{3E0F433E-F03A-4C9D-9E8E-3C0DC1F167D1}.Debug|Any CPU.Build.0 = Debug|Any CPU
		{3E0F433E-F03A-4C9D-9E8E-3C0DC1F167D1}.Release|Any CPU.ActiveCfg = Release|Any CPU
		{3E0F433E-F03A-4C9D-9E8E-3C0DC1F167D1}.Release|Any CPU.Build.0 = Release|Any CPU
		{28E946A6-9369-48A1-AE7E-873DE64D958B}.Debug|Any CPU.ActiveCfg = Debug|Any CPU
		{28E946A6-9369-48A1-AE7E-873DE64D958B}.Debug|Any CPU.Build.0 = Debug|Any CPU
		{28E946A6-9369-48A1-AE7E-873DE64D958B}.Release|Any CPU.ActiveCfg = Release|Any CPU
		{28E946A6-9369-48A1-AE7E-873DE64D958B}.Release|Any CPU.Build.0 = Release|Any CPU
		{39B24B8C-04EF-4B0E-A14E-A74E5D226D5C}.Debug|Any CPU.ActiveCfg = Debug|Any CPU
		{39B24B8C-04EF-4B0E-A14E-A74E5D226D5C}.Debug|Any CPU.Build.0 = Debug|Any CPU
		{39B24B8C-04EF-4B0E-A14E-A74E5D226D5C}.Release|Any CPU.ActiveCfg = Release|Any CPU
		{39B24B8C-04EF-4B0E-A14E-A74E5D226D5C}.Release|Any CPU.Build.0 = Release|Any CPU
		{2159BBF6-B656-4047-938D-840344B22129}.Debug|Any CPU.ActiveCfg = Debug|Any CPU
		{2159BBF6-B656-4047-938D-840344B22129}.Debug|Any CPU.Build.0 = Debug|Any CPU
		{2159BBF6-B656-4047-938D-840344B22129}.Release|Any CPU.ActiveCfg = Release|Any CPU
		{2159BBF6-B656-4047-938D-840344B22129}.Release|Any CPU.Build.0 = Release|Any CPU
		{B1AAF7C0-0017-4041-BED0-926BCC3DB79E}.Debug|Any CPU.ActiveCfg = Debug|Any CPU
		{B1AAF7C0-0017-4041-BED0-926BCC3DB79E}.Debug|Any CPU.Build.0 = Debug|Any CPU
		{B1AAF7C0-0017-4041-BED0-926BCC3DB79E}.Release|Any CPU.ActiveCfg = Release|Any CPU
		{B1AAF7C0-0017-4041-BED0-926BCC3DB79E}.Release|Any CPU.Build.0 = Release|Any CPU
		{7CFB4935-1E00-4357-B877-96F91FABA120}.Debug|Any CPU.ActiveCfg = Debug|Any CPU
		{7CFB4935-1E00-4357-B877-96F91FABA120}.Debug|Any CPU.Build.0 = Debug|Any CPU
		{7CFB4935-1E00-4357-B877-96F91FABA120}.Release|Any CPU.ActiveCfg = Release|Any CPU
		{7CFB4935-1E00-4357-B877-96F91FABA120}.Release|Any CPU.Build.0 = Release|Any CPU
		{9DF0A02C-50E0-49BB-8D2F-81E1D95A8332}.Debug|Any CPU.ActiveCfg = Debug|Any CPU
		{9DF0A02C-50E0-49BB-8D2F-81E1D95A8332}.Debug|Any CPU.Build.0 = Debug|Any CPU
		{9DF0A02C-50E0-49BB-8D2F-81E1D95A8332}.Release|Any CPU.ActiveCfg = Release|Any CPU
		{9DF0A02C-50E0-49BB-8D2F-81E1D95A8332}.Release|Any CPU.Build.0 = Release|Any CPU
		{71C199D3-04E3-44D2-8494-47BCDFD57D3F}.Debug|Any CPU.ActiveCfg = Debug|Any CPU
		{71C199D3-04E3-44D2-8494-47BCDFD57D3F}.Debug|Any CPU.Build.0 = Debug|Any CPU
		{71C199D3-04E3-44D2-8494-47BCDFD57D3F}.Release|Any CPU.ActiveCfg = Release|Any CPU
		{71C199D3-04E3-44D2-8494-47BCDFD57D3F}.Release|Any CPU.Build.0 = Release|Any CPU
		{FC274D79-20E4-420A-9CD8-ACDF6960D081}.Debug|Any CPU.ActiveCfg = Debug|Any CPU
		{FC274D79-20E4-420A-9CD8-ACDF6960D081}.Debug|Any CPU.Build.0 = Debug|Any CPU
		{FC274D79-20E4-420A-9CD8-ACDF6960D081}.Release|Any CPU.ActiveCfg = Release|Any CPU
		{FC274D79-20E4-420A-9CD8-ACDF6960D081}.Release|Any CPU.Build.0 = Release|Any CPU
		{5FD22844-111B-4B7D-A38B-A0EB80EB135F}.Debug|Any CPU.ActiveCfg = Debug|Any CPU
		{5FD22844-111B-4B7D-A38B-A0EB80EB135F}.Debug|Any CPU.Build.0 = Debug|Any CPU
		{5FD22844-111B-4B7D-A38B-A0EB80EB135F}.Release|Any CPU.ActiveCfg = Release|Any CPU
		{5FD22844-111B-4B7D-A38B-A0EB80EB135F}.Release|Any CPU.Build.0 = Release|Any CPU
		{B94599A7-9F81-4C9D-B67E-D3D24C77688C}.Debug|Any CPU.ActiveCfg = Debug|Any CPU
		{B94599A7-9F81-4C9D-B67E-D3D24C77688C}.Debug|Any CPU.Build.0 = Debug|Any CPU
		{B94599A7-9F81-4C9D-B67E-D3D24C77688C}.Release|Any CPU.ActiveCfg = Release|Any CPU
		{B94599A7-9F81-4C9D-B67E-D3D24C77688C}.Release|Any CPU.Build.0 = Release|Any CPU
	EndGlobalSection
	GlobalSection(SolutionProperties) = preSolution
		HideSolutionNode = FALSE
	EndGlobalSection
	GlobalSection(NestedProjects) = preSolution
		{39B24B8C-04EF-4B0E-A14E-A74E5D226D5C} = {9BD082E4-6D8E-412B-81EF-7F74B89B0DDF}
		{2159BBF6-B656-4047-938D-840344B22129} = {9BD082E4-6D8E-412B-81EF-7F74B89B0DDF}
		{B1AAF7C0-0017-4041-BED0-926BCC3DB79E} = {9BD082E4-6D8E-412B-81EF-7F74B89B0DDF}
		{7CFB4935-1E00-4357-B877-96F91FABA120} = {481D3C94-B61C-4DF2-B5C5-A1F8FB7D42B9}
		{9DF0A02C-50E0-49BB-8D2F-81E1D95A8332} = {375F8A04-06BC-4D1F-AED7-9CE2893CCB7E}
		{71C199D3-04E3-44D2-8494-47BCDFD57D3F} = {375F8A04-06BC-4D1F-AED7-9CE2893CCB7E}
		{FC274D79-20E4-420A-9CD8-ACDF6960D081} = {481D3C94-B61C-4DF2-B5C5-A1F8FB7D42B9}
		{5FD22844-111B-4B7D-A38B-A0EB80EB135F} = {9BD082E4-6D8E-412B-81EF-7F74B89B0DDF}
		{B94599A7-9F81-4C9D-B67E-D3D24C77688C} = {481D3C94-B61C-4DF2-B5C5-A1F8FB7D42B9}
	EndGlobalSection
EndGlobal
